<?xml version="1.0" encoding="utf-8"?>
<Project ToolsVersion="4.0" xmlns="http://schemas.microsoft.com/developer/msbuild/2003">
  <ItemGroup>
    <FxCompile Include="Source\Shader\static_mesh_vs.hlsl">
      <Filter>Shaders</Filter>
    </FxCompile>
    <FxCompile Include="Source\Shader\static_mesh_ps.hlsl">
      <Filter>Shaders</Filter>
    </FxCompile>
    <FxCompile Include="Source\Shader\UVScroll_ps.hlsl">
      <Filter>Shaders</Filter>
    </FxCompile>
    <FxCompile Include="Source\Shader\UVScroll_vs.hlsl">
      <Filter>Shaders</Filter>
    </FxCompile>
    <FxCompile Include="Source\Shader\blur_ps.hlsl">
      <Filter>Shaders</Filter>
    </FxCompile>
    <FxCompile Include="Source\Shader\fullscreen_quad_ps.hlsl">
      <Filter>Shaders</Filter>
    </FxCompile>
    <FxCompile Include="Source\Shader\fullscreen_quad_vs.hlsl">
      <Filter>Shaders</Filter>
    </FxCompile>
    <FxCompile Include="Source\Shader\geometric_primitive_ps.hlsl">
      <Filter>Shaders</Filter>
    </FxCompile>
    <FxCompile Include="Source\Shader\geometric_primitive_vs.hlsl">
      <Filter>Shaders</Filter>
    </FxCompile>
    <FxCompile Include="Source\Shader\gltf_model_ps.hlsl">
      <Filter>Shaders</Filter>
    </FxCompile>
    <FxCompile Include="Source\Shader\gltf_model_vs.hlsl">
      <Filter>Shaders</Filter>
    </FxCompile>
    <FxCompile Include="Source\Shader\luminance_extraction_ps.hlsl">
      <Filter>Shaders</Filter>
    </FxCompile>
    <FxCompile Include="Source\Shader\skinned_mesh_ps.hlsl">
      <Filter>Shaders</Filter>
    </FxCompile>
    <FxCompile Include="Source\Shader\skinned_mesh_vs.hlsl">
      <Filter>Shaders</Filter>
    </FxCompile>
    <FxCompile Include="Source\Shader\sprite_change_ps.hlsl">
      <Filter>Shaders</Filter>
    </FxCompile>
    <FxCompile Include="Source\Shader\sprite_dissolve_ps.hlsl">
      <Filter>Shaders</Filter>
    </FxCompile>
    <FxCompile Include="Source\Shader\sprite_dissolve_vs.hlsl">
      <Filter>Shaders</Filter>
    </FxCompile>
    <FxCompile Include="Source\Shader\sprite_fade_ps.hlsl">
      <Filter>Shaders</Filter>
    </FxCompile>
    <FxCompile Include="Source\Shader\sprite_fade_vs.hlsl">
      <Filter>Shaders</Filter>
    </FxCompile>
    <FxCompile Include="Source\Shader\sprite_ps.hlsl">
      <Filter>Shaders</Filter>
    </FxCompile>
    <FxCompile Include="Source\Shader\sprite_vs.hlsl">
      <Filter>Shaders</Filter>
    </FxCompile>
  </ItemGroup>
  <ItemGroup>
    <ClCompile Include="Source\framebuffer.cpp" />
    <ClCompile Include="Source\framework.cpp" />
    <ClCompile Include="Source\fullscreen_quad.cpp" />
    <ClCompile Include="Source\Game\Block.cpp" />
    <ClCompile Include="Source\Game\Boss.cpp" />
    <ClCompile Include="Source\Game\Character.cpp" />
    <ClCompile Include="Source\Game\Collision.cpp" />
    <ClCompile Include="Source\Game\Common.cpp" />
    <ClCompile Include="Source\Game\GrassBlock.cpp" />
    <ClCompile Include="Source\Game\Mathf.cpp" />
    <ClCompile Include="Source\Game\Player.cpp" />
    <ClCompile Include="Source\Game\sprite_dissolve.cpp" />
    <ClCompile Include="Source\Game\Stage\Stage.cpp" />
    <ClCompile Include="Source\Game\Stage\StageBoss.cpp" />
    <ClCompile Include="Source\Game\Stage\StageManager.cpp" />
    <ClCompile Include="Source\Game\Stage\StagePlains.cpp" />
    <ClCompile Include="Source\Game\StateMachine.cpp" />
    <ClCompile Include="Source\geometric_primitive.cpp" />
    <ClCompile Include="Source\gltf_model.cpp" />
    <ClCompile Include="Source\main.cpp" />
    <ClCompile Include="Source\Mame\Graphics\Camera.cpp" />
    <ClCompile Include="Source\Mame\Graphics\EffectManager.cpp" />
    <ClCompile Include="Source\Mame\Graphics\Graphics.cpp" />
    <ClCompile Include="Source\Mame\Graphics\Model.cpp" />
    <ClCompile Include="Source\Mame\Graphics\ModelResource.cpp" />
    <ClCompile Include="Source\Mame\Input\GamePad.cpp" />
    <ClCompile Include="Source\Mame\Input\Input.cpp" />
    <ClCompile Include="Source\Mame\Input\Mouse.cpp" />
    <ClCompile Include="Source\Mame\Scene\BaseScene.cpp" />
    <ClCompile Include="Source\Mame\Scene\SceneGame.cpp" />
    <ClCompile Include="Source\Mame\Scene\SceneLoading.cpp" />
    <ClCompile Include="Source\Mame\Scene\SceneManager.cpp" />
    <ClCompile Include="Source\Mame\Scene\SceneTitle.cpp" />
    <ClCompile Include="Source\Mame\Transform.cpp" />
    <ClCompile Include="Source\shader.cpp" />
    <ClCompile Include="Source\skinned_mesh.cpp" />
    <ClCompile Include="Source\sprite.cpp" />
    <ClCompile Include="Source\sprite_batch.cpp" />
    <ClCompile Include="Source\static_mesh.cpp" />
    <ClCompile Include="Source\texture.cpp" />
    <ClCompile Include="External\imgui\imgui.cpp">
      <Filter>ImGui</Filter>
    </ClCompile>
    <ClCompile Include="External\imgui\imgui_demo.cpp">
      <Filter>ImGui</Filter>
    </ClCompile>
    <ClCompile Include="External\imgui\imgui_draw.cpp">
      <Filter>ImGui</Filter>
    </ClCompile>
    <ClCompile Include="External\imgui\imgui_impl_dx11.cpp">
      <Filter>ImGui</Filter>
    </ClCompile>
    <ClCompile Include="External\imgui\imgui_impl_win32.cpp">
      <Filter>ImGui</Filter>
    </ClCompile>
    <ClCompile Include="External\imgui\imgui_tables.cpp">
      <Filter>ImGui</Filter>
    </ClCompile>
    <ClCompile Include="External\imgui\imgui_widgets.cpp">
      <Filter>ImGui</Filter>
    </ClCompile>
    <ClCompile Include="Source\Game\PlayerManager.cpp" />
  </ItemGroup>
  <ItemGroup>
    <ClInclude Include="Source\framebuffer.h" />
    <ClInclude Include="Source\framework.h" />
    <ClInclude Include="Source\fullscreen_quad.h" />
    <ClInclude Include="Source\Game\Block.h" />
    <ClInclude Include="Source\Game\Boss.h" />
    <ClInclude Include="Source\Game\Character.h" />
    <ClInclude Include="Source\Game\Collision.h" />
    <ClInclude Include="Source\Game\Common.h" />
    <ClInclude Include="Source\Game\GrassBlock.h" />
    <ClInclude Include="Source\Game\Mathf.h" />
    <ClInclude Include="Source\Game\OperatorXMFLOAT3.h" />
    <ClInclude Include="Source\Game\Player.h" />
    <ClInclude Include="Source\Game\sprite_dissolve.h" />
    <ClInclude Include="Source\Game\Stage\Stage.h" />
    <ClInclude Include="Source\Game\Stage\StageBoss.h" />
    <ClInclude Include="Source\Game\Stage\StageManager.h" />
    <ClInclude Include="Source\Game\Stage\StagePlains.h" />
    <ClInclude Include="Source\Game\State.h" />
    <ClInclude Include="Source\Game\StateMachine.h" />
    <ClInclude Include="Source\geometric_primitive.h" />
    <ClInclude Include="Source\gltf_model.h" />
    <ClInclude Include="Source\high_resolution_timer.h" />
    <ClInclude Include="Source\Mame\Graphics\Camera.h" />
    <ClInclude Include="Source\Mame\Graphics\EffectManager.h" />
    <ClInclude Include="Source\Mame\Graphics\Graphics.h" />
    <ClInclude Include="Source\Mame\Graphics\Model.h" />
    <ClInclude Include="Source\Mame\Graphics\ModelResource.h" />
    <ClInclude Include="Source\Mame\Graphics\RenderContext.h" />
    <ClInclude Include="Source\Mame\Input\GamePad.h" />
    <ClInclude Include="Source\Mame\Input\Input.h" />
    <ClInclude Include="Source\Mame\Input\Keyboard.h" />
    <ClInclude Include="Source\Mame\Input\Mouse.h" />
    <ClInclude Include="Source\Mame\Mame.h" />
    <ClInclude Include="Source\Mame\Scene\BaseScene.h" />
    <ClInclude Include="Source\Mame\Scene\SceneGame.h" />
    <ClInclude Include="Source\Mame\Scene\SceneLoading.h" />
    <ClInclude Include="Source\Mame\Scene\SceneManager.h" />
    <ClInclude Include="Source\Mame\Scene\SceneTitle.h" />
    <ClInclude Include="Source\Mame\Transform.h" />
    <ClInclude Include="Source\misc.h" />
    <ClInclude Include="Source\shader.h" />
    <ClInclude Include="Source\skinned_mesh.h" />
    <ClInclude Include="Source\sprite.h" />
    <ClInclude Include="Source\sprite_batch.h" />
    <ClInclude Include="Source\static_mesh.h" />
    <ClInclude Include="Source\texture.h" />
    <ClInclude Include="External\imgui\imconfig.h">
      <Filter>ImGui</Filter>
    </ClInclude>
    <ClInclude Include="External\imgui\imgui.h">
      <Filter>ImGui</Filter>
    </ClInclude>
    <ClInclude Include="External\imgui\imgui_impl_dx11.h">
      <Filter>ImGui</Filter>
    </ClInclude>
    <ClInclude Include="External\imgui\imgui_impl_win32.h">
      <Filter>ImGui</Filter>
    </ClInclude>
    <ClInclude Include="External\imgui\imgui_internal.h">
      <Filter>ImGui</Filter>
    </ClInclude>
    <ClInclude Include="External\imgui\imstb_rectpack.h">
      <Filter>ImGui</Filter>
    </ClInclude>
    <ClInclude Include="External\imgui\imstb_textedit.h">
      <Filter>ImGui</Filter>
    </ClInclude>
    <ClInclude Include="External\imgui\imstb_truetype.h">
      <Filter>ImGui</Filter>
    </ClInclude>
    <ClInclude Include="Source\Game\PlayerManager.h" />
  </ItemGroup>
  <ItemGroup>
    <None Include="Source\Shader\static_mesh.hlsli">
      <Filter>Shaders</Filter>
    </None>
    <None Include="Source\Shader\UVScroll.hlsli">
      <Filter>Shaders</Filter>
    </None>
    <None Include="Source\Shader\fullscreen_quad.hlsli">
      <Filter>Shaders</Filter>
    </None>
    <None Include="Source\Shader\geometric_primitive.hlsli">
      <Filter>Shaders</Filter>
    </None>
    <None Include="Source\Shader\gltf_model.hlsli">
      <Filter>Shaders</Filter>
    </None>
    <None Include="Source\Shader\skinned_mesh.hlsli">
      <Filter>Shaders</Filter>
    </None>
    <None Include="Source\Shader\sprite_dissolve.hlsli">
      <Filter>Shaders</Filter>
    </None>
    <None Include="Source\Shader\sprite_fade.hlsli">
      <Filter>Shaders</Filter>
    </None>
    <None Include="Source\Shader\sprite.hlsli">
      <Filter>Shaders</Filter>
    </None>
  </ItemGroup>
  <ItemGroup>
    <Filter Include="Shaders">
      <UniqueIdentifier>{2613c6ec-2f34-4ac8-9744-b2fbe4b92133}</UniqueIdentifier>
    </Filter>
    <Filter Include="ImGui">
      <UniqueIdentifier>{2664a4da-a236-4a18-9a41-9e46914b91c0}</UniqueIdentifier>
    </Filter>
  </ItemGroup>
</Project>