<?xml version="1.0" encoding="utf-8"?>
<Project ToolsVersion="4.0" xmlns="http://schemas.microsoft.com/developer/msbuild/2003">
  <ItemGroup>
    <FxCompile Include="Source\Shader\blur_ps.hlsl">
      <Filter>mamelib\Shader</Filter>
    </FxCompile>
    <FxCompile Include="Source\Shader\fullscreen_quad_ps.hlsl">
      <Filter>mamelib\Shader</Filter>
    </FxCompile>
    <FxCompile Include="Source\Shader\fullscreen_quad_vs.hlsl">
      <Filter>mamelib\Shader</Filter>
    </FxCompile>
    <FxCompile Include="Source\Shader\geometric_primitive_ps.hlsl">
      <Filter>mamelib\Shader</Filter>
    </FxCompile>
    <FxCompile Include="Source\Shader\geometric_primitive_vs.hlsl">
      <Filter>mamelib\Shader</Filter>
    </FxCompile>
    <FxCompile Include="Source\Shader\gltf_model_ps.hlsl">
      <Filter>mamelib\Shader</Filter>
    </FxCompile>
    <FxCompile Include="Source\Shader\gltf_model_vs.hlsl">
      <Filter>mamelib\Shader</Filter>
    </FxCompile>
    <FxCompile Include="Source\Shader\luminance_extraction_ps.hlsl">
      <Filter>mamelib\Shader</Filter>
    </FxCompile>
    <FxCompile Include="Source\Shader\skinned_mesh_ps.hlsl">
      <Filter>mamelib\Shader</Filter>
    </FxCompile>
    <FxCompile Include="Source\Shader\skinned_mesh_vs.hlsl">
      <Filter>mamelib\Shader</Filter>
    </FxCompile>
    <FxCompile Include="Source\Shader\sprite_change_ps.hlsl">
      <Filter>mamelib\Shader</Filter>
    </FxCompile>
    <FxCompile Include="Source\Shader\sprite_dissolve_ps.hlsl">
      <Filter>mamelib\Shader</Filter>
    </FxCompile>
    <FxCompile Include="Source\Shader\sprite_dissolve_vs.hlsl">
      <Filter>mamelib\Shader</Filter>
    </FxCompile>
    <FxCompile Include="Source\Shader\sprite_fade_ps.hlsl">
      <Filter>mamelib\Shader</Filter>
    </FxCompile>
    <FxCompile Include="Source\Shader\sprite_fade_vs.hlsl">
      <Filter>mamelib\Shader</Filter>
    </FxCompile>
    <FxCompile Include="Source\Shader\sprite_ps.hlsl">
      <Filter>mamelib\Shader</Filter>
    </FxCompile>
    <FxCompile Include="Source\Shader\sprite_vs.hlsl">
      <Filter>mamelib\Shader</Filter>
    </FxCompile>
    <FxCompile Include="Source\Shader\static_mesh_ps.hlsl">
      <Filter>mamelib\Shader</Filter>
    </FxCompile>
    <FxCompile Include="Source\Shader\static_mesh_vs.hlsl">
      <Filter>mamelib\Shader</Filter>
    </FxCompile>
    <FxCompile Include="Source\Shader\UVScroll_ps.hlsl">
      <Filter>mamelib\Shader</Filter>
    </FxCompile>
    <FxCompile Include="Source\Shader\UVScroll_vs.hlsl">
      <Filter>mamelib\Shader</Filter>
    </FxCompile>
    <FxCompile Include="Source\Shader\InstancingVS.hlsl">
      <Filter>mamelib\Shader</Filter>
    </FxCompile>
    <FxCompile Include="Source\Shader\InstancingPS.hlsl">
      <Filter>mamelib\Shader</Filter>
    </FxCompile>
  </ItemGroup>
  <ItemGroup>
    <ClCompile Include="External\imgui\imgui.cpp">
      <Filter>imgui</Filter>
    </ClCompile>
    <ClCompile Include="External\imgui\imgui_demo.cpp">
      <Filter>imgui</Filter>
    </ClCompile>
    <ClCompile Include="External\imgui\imgui_draw.cpp">
      <Filter>imgui</Filter>
    </ClCompile>
    <ClCompile Include="External\imgui\imgui_impl_dx11.cpp">
      <Filter>imgui</Filter>
    </ClCompile>
    <ClCompile Include="External\imgui\imgui_impl_win32.cpp">
      <Filter>imgui</Filter>
    </ClCompile>
    <ClCompile Include="External\imgui\imgui_tables.cpp">
      <Filter>imgui</Filter>
    </ClCompile>
    <ClCompile Include="External\imgui\imgui_widgets.cpp">
      <Filter>imgui</Filter>
    </ClCompile>
    <ClCompile Include="Source\Game\Stage\Stage.cpp">
      <Filter>mamelib\Game\Stage</Filter>
    </ClCompile>
    <ClCompile Include="Source\Game\Stage\StageBoss.cpp">
      <Filter>mamelib\Game\Stage</Filter>
    </ClCompile>
    <ClCompile Include="Source\Game\Stage\StageManager.cpp">
      <Filter>mamelib\Game\Stage</Filter>
    </ClCompile>
    <ClCompile Include="Source\Game\Stage\StagePlains.cpp">
      <Filter>mamelib\Game\Stage</Filter>
    </ClCompile>
    <ClCompile Include="Source\Mame\Scene\BaseScene.cpp">
      <Filter>mamelib\Mame\Scene</Filter>
    </ClCompile>
    <ClCompile Include="Source\Mame\Graphics\Camera.cpp">
      <Filter>mamelib\Mame\Graphics</Filter>
    </ClCompile>
    <ClCompile Include="Source\Mame\Graphics\EffectManager.cpp">
      <Filter>mamelib\Mame\Graphics</Filter>
    </ClCompile>
    <ClCompile Include="Source\Mame\Graphics\Graphics.cpp">
      <Filter>mamelib\Mame\Graphics</Filter>
    </ClCompile>
    <ClCompile Include="Source\Mame\Graphics\Model.cpp">
      <Filter>mamelib\Mame\Graphics</Filter>
    </ClCompile>
    <ClCompile Include="Source\Mame\Graphics\ModelResource.cpp">
      <Filter>mamelib\Mame\Graphics</Filter>
    </ClCompile>
    <ClCompile Include="Source\Mame\Input\Input.cpp">
      <Filter>mamelib\Mame\Input</Filter>
    </ClCompile>
    <ClCompile Include="Source\Mame\Input\Mouse.cpp">
      <Filter>mamelib\Mame\Input</Filter>
    </ClCompile>
    <ClCompile Include="Source\Mame\Input\GamePad.cpp">
      <Filter>mamelib\Mame\Input</Filter>
    </ClCompile>
    <ClCompile Include="Source\Mame\Transform.cpp">
      <Filter>mamelib\Mame</Filter>
    </ClCompile>
    <ClCompile Include="Source\Game\Character.cpp">
      <Filter>mamelib\Game\Character</Filter>
    </ClCompile>
    <ClCompile Include="Source\Mame\Scene\SceneTitle.cpp">
      <Filter>mamelib\Mame\Scene</Filter>
    </ClCompile>
    <ClCompile Include="Source\Mame\Scene\SceneManager.cpp">
      <Filter>mamelib\Mame\Scene</Filter>
    </ClCompile>
    <ClCompile Include="Source\Mame\Scene\SceneLoading.cpp">
      <Filter>mamelib\Mame\Scene</Filter>
    </ClCompile>
    <ClCompile Include="Source\Mame\Scene\SceneGame.cpp">
      <Filter>mamelib\Mame\Scene</Filter>
    </ClCompile>
    <ClCompile Include="Source\Game\Block.cpp">
      <Filter>mamelib\Game</Filter>
    </ClCompile>
    <ClCompile Include="Source\Game\Collision.cpp">
      <Filter>mamelib\Game</Filter>
    </ClCompile>
    <ClCompile Include="Source\Game\GrassBlock.cpp">
      <Filter>mamelib\Game</Filter>
    </ClCompile>
    <ClCompile Include="Source\Game\StateMachine.cpp">
      <Filter>mamelib\Game</Filter>
    </ClCompile>
    <ClCompile Include="Source\framebuffer.cpp">
      <Filter>mamelib\default\source</Filter>
    </ClCompile>
    <ClCompile Include="Source\framework.cpp">
      <Filter>mamelib\default\source</Filter>
    </ClCompile>
    <ClCompile Include="Source\fullscreen_quad.cpp">
      <Filter>mamelib\default\source</Filter>
    </ClCompile>
    <ClCompile Include="Source\GeometricPrimitive.cpp">
      <Filter>mamelib\default\source</Filter>
    </ClCompile>
    <ClCompile Include="Source\gltf_model.cpp">
      <Filter>mamelib\default\source</Filter>
    </ClCompile>
    <ClCompile Include="Source\main.cpp">
      <Filter>mamelib\default\source</Filter>
    </ClCompile>
    <ClCompile Include="Source\Game\Mathf.cpp">
      <Filter>mamelib\default\source</Filter>
    </ClCompile>
    <ClCompile Include="Source\shader.cpp">
      <Filter>mamelib\default\source</Filter>
    </ClCompile>
    <ClCompile Include="Source\skinned_mesh.cpp">
      <Filter>mamelib\default\source</Filter>
    </ClCompile>
    <ClCompile Include="Source\sprite.cpp">
      <Filter>mamelib\default\source</Filter>
    </ClCompile>
    <ClCompile Include="Source\sprite_batch.cpp">
      <Filter>mamelib\default\source</Filter>
    </ClCompile>
    <ClCompile Include="Source\Game\spriteDissolve.cpp">
      <Filter>mamelib\default\source</Filter>
    </ClCompile>
    <ClCompile Include="Source\static_mesh.cpp">
      <Filter>mamelib\default\source</Filter>
    </ClCompile>
    <ClCompile Include="Source\texture.cpp">
      <Filter>mamelib\default\source</Filter>
    </ClCompile>
    <ClCompile Include="Source\Game\BossStateDerived.cpp">
      <Filter>mamelib\Game</Filter>
    </ClCompile>
    <ClCompile Include="Source\Game\Terrain\TerrainBoss.cpp">
      <Filter>mamelib\Game\Terrain</Filter>
    </ClCompile>
    <ClCompile Include="Source\Game\Terrain\Terrain.cpp">
      <Filter>mamelib\Game\Terrain</Filter>
    </ClCompile>
    <ClCompile Include="Source\Game\Terrain\TerrainManager.cpp">
      <Filter>mamelib\Game\Terrain</Filter>
    </ClCompile>
    <ClCompile Include="Source\Game\Pose.cpp">
      <Filter>mamelib\Game</Filter>
    </ClCompile>
    <ClCompile Include="Source\Game\Terrain\TerrainNormal.cpp">
      <Filter>mamelib\Game\Terrain</Filter>
    </ClCompile>
    <ClCompile Include="Source\Mame\Graphics\Effect.cpp">
      <Filter>mamelib\Mame\Graphics</Filter>
    </ClCompile>
    <ClCompile Include="Source\Mame\Graphics\ResourceManager.cpp" />
    <ClCompile Include="Source\Game\UI.cpp">
      <Filter>mamelib\Game\UI</Filter>
    </ClCompile>
    <ClCompile Include="Source\Mame\Graphics\Effect.cpp">
      <Filter>mamelib\Mame\Graphics</Filter>
    </ClCompile>
    <ClCompile Include="Source\Game\Stage\StageTutorial.cpp">
      <Filter>mamelib\Game\Stage</Filter>
    </ClCompile>
    <ClCompile Include="Source\Mame\Graphics\ResourceManager.cpp">
      <Filter>mamelib\Mame\Graphics</Filter>
    </ClCompile>
    <ClCompile Include="Source\Game\UIManager.cpp">
      <Filter>mamelib\Game\UI</Filter>
    </ClCompile>
    <ClCompile Include="Source\Game\Box.cpp">
      <Filter>mamelib\Game</Filter>
    </ClCompile>
    <ClCompile Include="Source\Game\TitleCharacter.cpp">
      <Filter>mamelib\Game\Character</Filter>
    </ClCompile>
    <ClCompile Include="Source\Game\Stage\StageTutorial.cpp">
      <Filter>mamelib\Game\Stage</Filter>
    </ClCompile>
    <ClCompile Include="Source\Game\Terrain\TerrainFall.cpp">
      <Filter>mamelib\Game\Terrain</Filter>
    </ClCompile>
    <ClCompile Include="Source\Game\Terrain\TerrainMoveDown.cpp">
      <Filter>mamelib\Game\Terrain</Filter>
    </ClCompile>
    <ClCompile Include="Source\Game\Terrain\TerrainMoveUp.cpp">
      <Filter>mamelib\Game\Terrain</Filter>
    </ClCompile>
    <ClCompile Include="Source\Game\Terrain\TerrainNoClimb.cpp">
      <Filter>mamelib\Game\Terrain</Filter>
    </ClCompile>
    <ClCompile Include="Source\Game\Stage\StageSelection.cpp">
      <Filter>mamelib\Game\Stage</Filter>
    </ClCompile>
    <ClCompile Include="Source\Game\Terrain\TerrainNoCollision.cpp">
      <Filter>mamelib\Game\Terrain</Filter>
    </ClCompile>
    <ClCompile Include="Source\Game\Boss.cpp">
      <Filter>mamelib\Game\Character\Enemy</Filter>
    </ClCompile>
    <ClCompile Include="Source\Game\Enemy.cpp">
      <Filter>mamelib\Game\Character\Enemy</Filter>
    </ClCompile>
    <ClCompile Include="Source\Game\EnemyCannon.cpp">
      <Filter>mamelib\Game\Character\Enemy</Filter>
    </ClCompile>
    <ClCompile Include="Source\Game\EnemyManager.cpp">
      <Filter>mamelib\Game\Character\Enemy</Filter>
    </ClCompile>
    <ClCompile Include="Source\Game\EnemyRedTofu.cpp">
      <Filter>mamelib\Game\Character\Enemy</Filter>
    </ClCompile>
    <ClCompile Include="Source\Game\EnemyTofu.cpp">
      <Filter>mamelib\Game\Character\Enemy</Filter>
    </ClCompile>
    <ClCompile Include="Source\Game\TitleEnemyTofu.cpp">
      <Filter>mamelib\Game\Character\Enemy</Filter>
    </ClCompile>
    <ClCompile Include="Source\Game\CannonBall.cpp">
      <Filter>mamelib\Game\Character\Projectile</Filter>
    </ClCompile>
    <ClCompile Include="Source\Game\CannonBallManager.cpp">
      <Filter>mamelib\Game\Character\Projectile</Filter>
    </ClCompile>
    <ClCompile Include="Source\Game\Player.cpp">
      <Filter>mamelib\Game\Character\Player</Filter>
    </ClCompile>
    <ClCompile Include="Source\Game\PlayerManager.cpp">
      <Filter>mamelib\Game\Character\Player</Filter>
    </ClCompile>
    <ClCompile Include="Source\Game\TitlePlayer.cpp">
      <Filter>mamelib\Game\Character\Player</Filter>
    </ClCompile>
    <ClCompile Include="Source\Mame\AudioManager.cpp">
      <Filter>mamelib\Mame\Audio</Filter>
    </ClCompile>
    <ClCompile Include="Source\Mame\Audio.cpp">
      <Filter>mamelib\Mame\Audio</Filter>
    </ClCompile>
    <ClCompile Include="Source\Game\Common.cpp">
      <Filter>mamelib\Game\ForeignBody</Filter>
    </ClCompile>
    <ClCompile Include="Source\Game\SpriteAnimation.cpp">
      <Filter>mamelib\Game</Filter>
    </ClCompile>
    <ClCompile Include="Source\Game\Stage\StageLoading.cpp">
      <Filter>mamelib\Game\Stage</Filter>
    </ClCompile>
    <ClCompile Include="Source\Game\Stage\StageDummy.cpp" />
  </ItemGroup>
  <ItemGroup>
    <ClInclude Include="External\imgui\imconfig.h">
      <Filter>imgui</Filter>
    </ClInclude>
    <ClInclude Include="External\imgui\imgui.h">
      <Filter>imgui</Filter>
    </ClInclude>
    <ClInclude Include="External\imgui\imgui_impl_dx11.h">
      <Filter>imgui</Filter>
    </ClInclude>
    <ClInclude Include="External\imgui\imgui_impl_win32.h">
      <Filter>imgui</Filter>
    </ClInclude>
    <ClInclude Include="External\imgui\imgui_internal.h">
      <Filter>imgui</Filter>
    </ClInclude>
    <ClInclude Include="External\imgui\imstb_rectpack.h">
      <Filter>imgui</Filter>
    </ClInclude>
    <ClInclude Include="External\imgui\imstb_textedit.h">
      <Filter>imgui</Filter>
    </ClInclude>
    <ClInclude Include="External\imgui\imstb_truetype.h">
      <Filter>imgui</Filter>
    </ClInclude>
    <ClInclude Include="Source\Game\Stage\Stage.h">
      <Filter>mamelib\Game\Stage</Filter>
    </ClInclude>
    <ClInclude Include="Source\Game\Stage\StageBoss.h">
      <Filter>mamelib\Game\Stage</Filter>
    </ClInclude>
    <ClInclude Include="Source\Game\Stage\StageManager.h">
      <Filter>mamelib\Game\Stage</Filter>
    </ClInclude>
    <ClInclude Include="Source\Game\Stage\StagePlains.h">
      <Filter>mamelib\Game\Stage</Filter>
    </ClInclude>
    <ClInclude Include="Source\Mame\Scene\BaseScene.h">
      <Filter>mamelib\Mame\Scene</Filter>
    </ClInclude>
    <ClInclude Include="Source\Mame\Graphics\Camera.h">
      <Filter>mamelib\Mame\Graphics</Filter>
    </ClInclude>
    <ClInclude Include="Source\Mame\Graphics\EffectManager.h">
      <Filter>mamelib\Mame\Graphics</Filter>
    </ClInclude>
    <ClInclude Include="Source\Mame\Graphics\Graphics.h">
      <Filter>mamelib\Mame\Graphics</Filter>
    </ClInclude>
    <ClInclude Include="Source\Mame\Graphics\Model.h">
      <Filter>mamelib\Mame\Graphics</Filter>
    </ClInclude>
    <ClInclude Include="Source\Mame\Graphics\ModelResource.h">
      <Filter>mamelib\Mame\Graphics</Filter>
    </ClInclude>
    <ClInclude Include="Source\Mame\Graphics\RenderContext.h">
      <Filter>mamelib\Mame\Graphics</Filter>
    </ClInclude>
    <ClInclude Include="Source\Mame\Input\Keyboard.h">
      <Filter>mamelib\Mame\Input</Filter>
    </ClInclude>
    <ClInclude Include="Source\Mame\Input\Input.h">
      <Filter>mamelib\Mame\Input</Filter>
    </ClInclude>
    <ClInclude Include="Source\Mame\Input\Mouse.h">
      <Filter>mamelib\Mame\Input</Filter>
    </ClInclude>
    <ClInclude Include="Source\Mame\Input\GamePad.h">
      <Filter>mamelib\Mame\Input</Filter>
    </ClInclude>
    <ClInclude Include="Source\Mame\Mame.h">
      <Filter>mamelib\Mame</Filter>
    </ClInclude>
    <ClInclude Include="Source\Mame\Transform.h">
      <Filter>mamelib\Mame</Filter>
    </ClInclude>
    <ClInclude Include="Source\Game\Character.h">
      <Filter>mamelib\Game\Character</Filter>
    </ClInclude>
    <ClInclude Include="Source\Mame\Scene\SceneTitle.h">
      <Filter>mamelib\Mame\Scene</Filter>
    </ClInclude>
    <ClInclude Include="Source\Mame\Scene\SceneManager.h">
      <Filter>mamelib\Mame\Scene</Filter>
    </ClInclude>
    <ClInclude Include="Source\Mame\Scene\SceneLoading.h">
      <Filter>mamelib\Mame\Scene</Filter>
    </ClInclude>
    <ClInclude Include="Source\Mame\Scene\SceneGame.h">
      <Filter>mamelib\Mame\Scene</Filter>
    </ClInclude>
    <ClInclude Include="Source\Game\Block.h">
      <Filter>mamelib\Game</Filter>
    </ClInclude>
    <ClInclude Include="Source\Game\Collision.h">
      <Filter>mamelib\Game</Filter>
    </ClInclude>
    <ClInclude Include="Source\Game\GrassBlock.h">
      <Filter>mamelib\Game</Filter>
    </ClInclude>
    <ClInclude Include="Source\Game\StateMachine.h">
      <Filter>mamelib\Game</Filter>
    </ClInclude>
    <ClInclude Include="Source\Game\State.h">
      <Filter>mamelib\Game</Filter>
    </ClInclude>
    <ClInclude Include="Source\framebuffer.h">
      <Filter>mamelib\default\header</Filter>
    </ClInclude>
    <ClInclude Include="Source\texture.h">
      <Filter>mamelib\default\header</Filter>
    </ClInclude>
    <ClInclude Include="Source\framework.h">
      <Filter>mamelib\default\header</Filter>
    </ClInclude>
    <ClInclude Include="Source\fullscreen_quad.h">
      <Filter>mamelib\default\header</Filter>
    </ClInclude>
    <ClInclude Include="Source\GeometricPrimitive.h">
      <Filter>mamelib\default\header</Filter>
    </ClInclude>
    <ClInclude Include="Source\gltf_model.h">
      <Filter>mamelib\default\header</Filter>
    </ClInclude>
    <ClInclude Include="Source\high_resolution_timer.h">
      <Filter>mamelib\default\header</Filter>
    </ClInclude>
    <ClInclude Include="Source\Game\Mathf.h">
      <Filter>mamelib\default\header</Filter>
    </ClInclude>
    <ClInclude Include="Source\misc.h">
      <Filter>mamelib\default\header</Filter>
    </ClInclude>
    <ClInclude Include="Source\shader.h">
      <Filter>mamelib\default\header</Filter>
    </ClInclude>
    <ClInclude Include="Source\skinned_mesh.h">
      <Filter>mamelib\default\header</Filter>
    </ClInclude>
    <ClInclude Include="Source\sprite.h">
      <Filter>mamelib\default\header</Filter>
    </ClInclude>
    <ClInclude Include="Source\sprite_batch.h">
      <Filter>mamelib\default\header</Filter>
    </ClInclude>
    <ClInclude Include="Source\Game\spriteDissolve.h">
      <Filter>mamelib\default\header</Filter>
    </ClInclude>
    <ClInclude Include="Source\static_mesh.h">
      <Filter>mamelib\default\header</Filter>
    </ClInclude>
    <ClInclude Include="Source\Game\BossStateDerived.h">
      <Filter>mamelib\Game</Filter>
    </ClInclude>
    <ClInclude Include="resource.h" />
    <ClInclude Include="Source\Game\Terrain\TerrainBoss.h">
      <Filter>mamelib\Game\Terrain</Filter>
    </ClInclude>
    <ClInclude Include="Source\Game\Terrain\Terrain.h">
      <Filter>mamelib\Game\Terrain</Filter>
    </ClInclude>
    <ClInclude Include="Source\Game\Terrain\TerrainManager.h">
      <Filter>mamelib\Game\Terrain</Filter>
    </ClInclude>
    <ClInclude Include="Source\Game\Pose.h">
      <Filter>mamelib\Game</Filter>
    </ClInclude>
    <ClInclude Include="Source\Game\Terrain\TerrainNormal.h">
      <Filter>mamelib\Game\Terrain</Filter>
    </ClInclude>
    <ClInclude Include="Source\Mame\Graphics\Effect.h">
      <Filter>mamelib\Mame\Graphics</Filter>
    </ClInclude>
    <ClInclude Include="Source\Mame\Graphics\ResourceManager.h" />
    <ClInclude Include="Source\Game\UI.h">
      <Filter>mamelib\Game\UI</Filter>
    </ClInclude>
    <ClInclude Include="Source\Mame\Graphics\Effect.h">
      <Filter>mamelib\Mame\Graphics</Filter>
    </ClInclude>
    <ClInclude Include="Source\Game\Stage\StageTutorial.h">
      <Filter>mamelib\Game\Stage</Filter>
    </ClInclude>
    <ClInclude Include="Source\Mame\Graphics\ResourceManager.h">
      <Filter>mamelib\Mame\Graphics</Filter>
    </ClInclude>
    <ClInclude Include="Source\Game\UIManager.h">
      <Filter>mamelib\Game\UI</Filter>
    </ClInclude>
    <ClInclude Include="Source\Game\Box.h">
      <Filter>mamelib\Game</Filter>
    </ClInclude>
    <ClInclude Include="Source\Game\TitleCharacter.h">
      <Filter>mamelib\Game\Character</Filter>
    </ClInclude>
    <ClInclude Include="Source\Game\Stage\StageTutorial.h">
      <Filter>mamelib\Game\Stage</Filter>
    </ClInclude>
    <ClInclude Include="Source\Game\Terrain\TerrainFall.h">
      <Filter>mamelib\Game\Terrain</Filter>
    </ClInclude>
    <ClInclude Include="Source\Game\Terrain\TerrainMoveDown.h">
      <Filter>mamelib\Game\Terrain</Filter>
    </ClInclude>
    <ClInclude Include="Source\Game\Terrain\TerrainMoveUp.h">
      <Filter>mamelib\Game\Terrain</Filter>
    </ClInclude>
    <ClInclude Include="Source\Game\Terrain\TerrainNoClimb.h">
      <Filter>mamelib\Game\Terrain</Filter>
    </ClInclude>
    <ClInclude Include="Source\Game\Stage\StageSelection.h">
      <Filter>mamelib\Game\Stage</Filter>
    </ClInclude>
    <ClInclude Include="Source\Game\Boss.h">
      <Filter>mamelib\Game\Character\Enemy</Filter>
    </ClInclude>
    <ClInclude Include="Source\Game\Enemy.h">
      <Filter>mamelib\Game\Character\Enemy</Filter>
    </ClInclude>
    <ClInclude Include="Source\Game\EnemyCannon.h">
      <Filter>mamelib\Game\Character\Enemy</Filter>
    </ClInclude>
    <ClInclude Include="Source\Game\EnemyManager.h">
      <Filter>mamelib\Game\Character\Enemy</Filter>
    </ClInclude>
    <ClInclude Include="Source\Game\EnemyRedTofu.h">
      <Filter>mamelib\Game\Character\Enemy</Filter>
    </ClInclude>
    <ClInclude Include="Source\Game\EnemyTofu.h">
      <Filter>mamelib\Game\Character\Enemy</Filter>
    </ClInclude>
    <ClInclude Include="Source\Game\TitleEnemyTofu.h">
      <Filter>mamelib\Game\Character\Enemy</Filter>
    </ClInclude>
    <ClInclude Include="Source\Game\CannonBall.h">
      <Filter>mamelib\Game\Character\Projectile</Filter>
    </ClInclude>
    <ClInclude Include="Source\Game\CannonBallManager.h">
      <Filter>mamelib\Game\Character\Projectile</Filter>
    </ClInclude>
    <ClInclude Include="Source\Game\Player.h">
      <Filter>mamelib\Game\Character\Player</Filter>
    </ClInclude>
    <ClInclude Include="Source\Game\PlayerManager.h">
      <Filter>mamelib\Game\Character\Player</Filter>
    </ClInclude>
    <ClInclude Include="Source\Game\TitlePlayer.h">
      <Filter>mamelib\Game\Character\Player</Filter>
    </ClInclude>
    <ClInclude Include="Source\Game\Terrain\TerrainNoCollision.h">
      <Filter>mamelib\Game\Terrain</Filter>
    </ClInclude>
    <ClInclude Include="Source\Mame\Audio.h">
      <Filter>mamelib\Mame\Audio</Filter>
    </ClInclude>
    <ClInclude Include="Source\Mame\AudioManager.h">
      <Filter>mamelib\Mame\Audio</Filter>
    </ClInclude>
    <ClInclude Include="Source\Game\OperatorXMFLOAT3.h">
      <Filter>mamelib\Game\ForeignBody</Filter>
    </ClInclude>
    <ClInclude Include="Source\Game\Common.h">
      <Filter>mamelib\Game\ForeignBody</Filter>
    </ClInclude>
    <ClInclude Include="Source\Game\SpriteAnimation.h">
      <Filter>mamelib\Game</Filter>
    </ClInclude>
    <ClInclude Include="Source\Game\Stage\StageLoading.h">
      <Filter>mamelib\Game\Stage</Filter>
    </ClInclude>
    <ClInclude Include="Source\Game\Stage\StageDummy.h" />
  </ItemGroup>
  <ItemGroup>
    <None Include="Source\Shader\fullscreen_quad.hlsli">
      <Filter>mamelib\Shader</Filter>
    </None>
    <None Include="Source\Shader\geometric_primitive.hlsli">
      <Filter>mamelib\Shader</Filter>
    </None>
    <None Include="Source\Shader\gltf_model.hlsli">
      <Filter>mamelib\Shader</Filter>
    </None>
    <None Include="Source\Shader\skinned_mesh.hlsli">
      <Filter>mamelib\Shader</Filter>
    </None>
    <None Include="Source\Shader\sprite_dissolve.hlsli">
      <Filter>mamelib\Shader</Filter>
    </None>
    <None Include="Source\Shader\sprite_fade.hlsli">
      <Filter>mamelib\Shader</Filter>
    </None>
    <None Include="Source\Shader\UVScroll.hlsli">
      <Filter>mamelib\Shader</Filter>
    </None>
    <None Include="Source\Shader\static_mesh.hlsli">
      <Filter>mamelib\Shader</Filter>
    </None>
    <None Include="Source\Shader\sprite.hlsli">
      <Filter>mamelib\Shader</Filter>
    </None>
    <None Include="Source\Shader\Instancing.hlsli">
      <Filter>mamelib\Shader</Filter>
    </None>
  </ItemGroup>
  <ItemGroup>
    <Filter Include="mamelib">
      <UniqueIdentifier>{70fa8b00-8763-4e40-93ac-b0d270e1b7b0}</UniqueIdentifier>
    </Filter>
    <Filter Include="mamelib\Game">
      <UniqueIdentifier>{07038f74-c3db-4883-94ea-bba7f706700f}</UniqueIdentifier>
    </Filter>
    <Filter Include="mamelib\Shader">
      <UniqueIdentifier>{c482086c-fa03-4816-aa19-070cf94e5e0c}</UniqueIdentifier>
    </Filter>
    <Filter Include="mamelib\Game\Stage">
      <UniqueIdentifier>{899309b1-2e04-4ae9-97fb-a9d8ca1208dc}</UniqueIdentifier>
    </Filter>
    <Filter Include="imgui">
      <UniqueIdentifier>{576faab2-b681-4899-afde-5d4eab13b405}</UniqueIdentifier>
    </Filter>
    <Filter Include="mamelib\Game\Character">
      <UniqueIdentifier>{03aaed5b-866b-478e-b844-df38815b6e54}</UniqueIdentifier>
    </Filter>
    <Filter Include="mamelib\Mame">
      <UniqueIdentifier>{bd440eba-c716-4ef4-bdd0-6104495cc1ed}</UniqueIdentifier>
    </Filter>
    <Filter Include="mamelib\Mame\Graphics">
      <UniqueIdentifier>{5048d925-6e70-41f9-bf1d-7d6da71c92ef}</UniqueIdentifier>
    </Filter>
    <Filter Include="mamelib\Mame\Input">
      <UniqueIdentifier>{1ba2b1fe-c5a6-47e2-996f-3889c6aeef6d}</UniqueIdentifier>
    </Filter>
    <Filter Include="mamelib\Mame\Scene">
      <UniqueIdentifier>{8a58c012-6aa2-4dfe-a8f7-3c8e10923e3d}</UniqueIdentifier>
    </Filter>
    <Filter Include="mamelib\default">
      <UniqueIdentifier>{d34a1004-d746-40d1-98e8-fc58038dc616}</UniqueIdentifier>
    </Filter>
    <Filter Include="mamelib\default\source">
      <UniqueIdentifier>{46b2fb73-1751-4f1e-a1be-ba1934c2f618}</UniqueIdentifier>
    </Filter>
    <Filter Include="mamelib\default\header">
      <UniqueIdentifier>{ada19734-b849-4665-854d-179eaefb2961}</UniqueIdentifier>
    </Filter>
    <Filter Include="mamelib\Game\Terrain">
      <UniqueIdentifier>{b5efe010-dced-4d3f-babe-9549ac72a693}</UniqueIdentifier>
    </Filter>
    <Filter Include="mamelib\Game\UI">
      <UniqueIdentifier>{5f94c31f-00e4-47d7-8e8b-9f1d5b7f720b}</UniqueIdentifier>
    </Filter>
    <Filter Include="mamelib\Game\Character\Enemy">
      <UniqueIdentifier>{7a2c2c1b-0bac-4acd-9557-d814970744c0}</UniqueIdentifier>
    </Filter>
    <Filter Include="mamelib\Game\Character\Projectile">
      <UniqueIdentifier>{32ac10f5-0507-4c81-8d7e-1f1a63023c74}</UniqueIdentifier>
    </Filter>
    <Filter Include="mamelib\Game\Character\Player">
      <UniqueIdentifier>{c7516705-738e-47ad-b8c1-d20bf7f65546}</UniqueIdentifier>
    </Filter>
    <Filter Include="mamelib\Mame\Audio">
      <UniqueIdentifier>{28a48904-7b5d-4850-8db8-75727193a2fb}</UniqueIdentifier>
    </Filter>
    <Filter Include="mamelib\Game\ForeignBody">
      <UniqueIdentifier>{ea9990b9-b0ba-4f5e-9183-09714b118485}</UniqueIdentifier>
    </Filter>
  </ItemGroup>
  <ItemGroup>
    <ResourceCompile Include="3dgp.rc" />
    <ResourceCompile Include="Resource.rc" />
  </ItemGroup>
  <ItemGroup>
    <Image Include="icon1.ico" />
    <Image Include="icon1.ico" />
  </ItemGroup>
</Project>